PODS:
  - Bolts (1.1.3)
  - FlatUIKit (1.5)
  - JSONModel (1.0.2)
  - pop (1.0.7)
  - STTwitter (0.1.8)

DEPENDENCIES:
  - Bolts
  - FlatUIKit
  - JSONModel
  - pop (~> 1.0)
  - STTwitter (~> 0.1)

SPEC CHECKSUMS:
  Bolts: 3db0a875235e0c9042b013af13af0f00f79b102c
  FlatUIKit: 5452fa3fca41e6f04014cca6e81b4c2f961f623c
  JSONModel: cbdef0fdff1cc70e913a860861d3072860efd3a1
  pop: 2f14a1ea61339767af9e66741b418c831b3844df
  STTwitter: 15d299aeb63fe7aad6285d61dd058d0aaa778a82

COCOAPODS: 0.36.0.beta.1
